
Microsoft Visual Studio Solution File, Format Version 12.00
# Visual Studio Version 17
VisualStudioVersion = 17.10.35013.160
MinimumVisualStudioVersion = 10.0.40219.1
Project("{FAE04EC0-301F-11D3-BF4B-00C04F79EFBC}") = "EgsExporter", "EgsExporter\EgsExporter.csproj", "{37212255-BBE1-461B-8CF8-CEDC84DBC4CE}"
EndProject
Global
	GlobalSection(SolutionConfigurationPlatforms) = preSolution
		Debug|Any CPU = Debug|Any CPU
		Release|Any CPU = Release|Any CPU
	EndGlobalSection
	GlobalSection(ProjectConfigurationPlatforms) = postSolution
		{37212255-BBE1-461B-8CF8-CEDC84DBC4CE}.Debug|Any CPU.ActiveCfg = Debug|Any CPU
		{37212255-BBE1-461B-8CF8-CEDC84DBC4CE}.Debug|Any CPU.Build.0 = Debug|Any CPU
		{37212255-BBE1-461B-8CF8-CEDC84DBC4CE}.Release|Any CPU.ActiveCfg = Release|Any CPU
		{37212255-BBE1-461B-8CF8-CEDC84DBC4CE}.Release|Any CPU.Build.0 = Release|Any CPU
	EndGlobalSection
	GlobalSection(SolutionProperties) = preSolution
		HideSolutionNode = FALSE
	EndGlobalSection
	GlobalSection(ExtensibilityGlobals) = postSolution
		SolutionGuid = {E2106BDE-BEA8-442F-808B-BFC0C02F2D74}
	EndGlobalSection
EndGlobal
